
Microsoft Visual Studio Solution File, Format Version 12.00
# Visual Studio Version 17
VisualStudioVersion = 17.0.31903.59
MinimumVisualStudioVersion = 10.0.40219.1
Project("{F2A71F9B-5D33-465A-A702-920D77279786}") = "Bugfree.NemLogInLite.Web", "src\Bugfree.NemLogInLite.Web\Bugfree.NemLogInLite.Web.fsproj", "{C980B14C-D949-43DF-AE9D-DAA4D4FB0558}"
EndProject
Project("{2150E333-8FDC-42A3-9474-1A3956D46DE8}") = "SolutionItems", "SolutionItems", "{9A971241-2F82-42A3-976D-28251F92F390}"
	ProjectSection(SolutionItems) = preProject
		TODO.md = TODO.md
		README.md = README.md
	EndProjectSection
EndProject
Global
	GlobalSection(SolutionConfigurationPlatforms) = preSolution
		Debug|Any CPU = Debug|Any CPU
		Release|Any CPU = Release|Any CPU
	EndGlobalSection
	GlobalSection(SolutionProperties) = preSolution
		HideSolutionNode = FALSE
	EndGlobalSection
	GlobalSection(ProjectConfigurationPlatforms) = postSolution
		{C980B14C-D949-43DF-AE9D-DAA4D4FB0558}.Debug|Any CPU.ActiveCfg = Debug|Any CPU
		{C980B14C-D949-43DF-AE9D-DAA4D4FB0558}.Debug|Any CPU.Build.0 = Debug|Any CPU
		{C980B14C-D949-43DF-AE9D-DAA4D4FB0558}.Release|Any CPU.ActiveCfg = Release|Any CPU
		{C980B14C-D949-43DF-AE9D-DAA4D4FB0558}.Release|Any CPU.Build.0 = Release|Any CPU
	EndGlobalSection
EndGlobal
